Microsoft Visual Studio Solution File, Format Version 11.00
# Visual Studio 2008

Project("{942077C8-8354-5394-40E2-7B7269647706}") = "Parasite", "Assembly-CSharp-firstpass.csproj", "{9F9048A2-DE19-4EF9-18F8-72D994A0F626}"
EndProject
Project("{942077C8-8354-5394-40E2-7B7269647706}") = "Parasite", "Assembly-CSharp.csproj", "{E9D4DFC1-0BEC-7AF3-83ED-8059977610EE}"
EndProject
Project("{942077C8-8354-5394-40E2-7B7269647706}") = "Parasite", "Assembly-CSharp-Editor.csproj", "{36BEA916-0A5A-2196-1434-5FD5CF6C4EEC}"
EndProject
Project("{942077C8-8354-5394-40E2-7B7269647706}") = "Parasite", "Assembly-UnityScript-firstpass.unityproj", "{31A3B45E-7F03-BD1F-1BC5-6313B4C546FB}"
EndProject
Project("{942077C8-8354-5394-40E2-7B7269647706}") = "Parasite", "Assembly-UnityScript.unityproj", "{6C437629-4ECC-11E0-9AA9-AC5AC8C63B5B}"
EndProject
Global
	GlobalSection(SolutionConfigurationPlatforms) = preSolution
		Debug|Any CPU = Debug|Any CPU
		Release|Any CPU = Release|Any CPU
	EndGlobalSection
	GlobalSection(ProjectConfigurationPlatforms) = postSolution
		{9F9048A2-DE19-4EF9-18F8-72D994A0F626}.Debug|Any CPU.ActiveCfg = Debug|Any CPU
		{9F9048A2-DE19-4EF9-18F8-72D994A0F626}.Debug|Any CPU.Build.0 = Debug|Any CPU
		{9F9048A2-DE19-4EF9-18F8-72D994A0F626}.Release|Any CPU.ActiveCfg = Release|Any CPU
		{9F9048A2-DE19-4EF9-18F8-72D994A0F626}.Release|Any CPU.Build.0 = Release|Any CPU
		{E9D4DFC1-0BEC-7AF3-83ED-8059977610EE}.Debug|Any CPU.ActiveCfg = Debug|Any CPU
		{E9D4DFC1-0BEC-7AF3-83ED-8059977610EE}.Debug|Any CPU.Build.0 = Debug|Any CPU
		{E9D4DFC1-0BEC-7AF3-83ED-8059977610EE}.Release|Any CPU.ActiveCfg = Release|Any CPU
		{E9D4DFC1-0BEC-7AF3-83ED-8059977610EE}.Release|Any CPU.Build.0 = Release|Any CPU
		{36BEA916-0A5A-2196-1434-5FD5CF6C4EEC}.Debug|Any CPU.ActiveCfg = Debug|Any CPU
		{36BEA916-0A5A-2196-1434-5FD5CF6C4EEC}.Debug|Any CPU.Build.0 = Debug|Any CPU
		{36BEA916-0A5A-2196-1434-5FD5CF6C4EEC}.Release|Any CPU.ActiveCfg = Release|Any CPU
		{36BEA916-0A5A-2196-1434-5FD5CF6C4EEC}.Release|Any CPU.Build.0 = Release|Any CPU
		{31A3B45E-7F03-BD1F-1BC5-6313B4C546FB}.Debug|Any CPU.ActiveCfg = Debug|Any CPU
		{31A3B45E-7F03-BD1F-1BC5-6313B4C546FB}.Debug|Any CPU.Build.0 = Debug|Any CPU
		{31A3B45E-7F03-BD1F-1BC5-6313B4C546FB}.Release|Any CPU.ActiveCfg = Release|Any CPU
		{31A3B45E-7F03-BD1F-1BC5-6313B4C546FB}.Release|Any CPU.Build.0 = Release|Any CPU
		{6C437629-4ECC-11E0-9AA9-AC5AC8C63B5B}.Debug|Any CPU.ActiveCfg = Debug|Any CPU
		{6C437629-4ECC-11E0-9AA9-AC5AC8C63B5B}.Debug|Any CPU.Build.0 = Debug|Any CPU
		{6C437629-4ECC-11E0-9AA9-AC5AC8C63B5B}.Release|Any CPU.ActiveCfg = Release|Any CPU
		{6C437629-4ECC-11E0-9AA9-AC5AC8C63B5B}.Release|Any CPU.Build.0 = Release|Any CPU
	EndGlobalSection
	GlobalSection(SolutionProperties) = preSolution
		HideSolutionNode = FALSE
	EndGlobalSection
																																																																							GlobalSection(MonoDevelopProperties) = preSolution
		StartupItem = Assembly-CSharp.csproj
		Policies = $0
		$0.TextStylePolicy = $1
		$1.inheritsSet = null
		$1.scope = text/x-csharp
		$0.CSharpFormattingPolicy = $2
		$2.inheritsSet = Mono
		$2.inheritsScope = text/x-csharp
		$2.scope = text/x-csharp
		$0.TextStylePolicy = $3
		$3.FileWidth = 120
		$3.TabWidth = 4
		$3.EolMarker = Unix
		$3.inheritsSet = Mono
		$3.inheritsScope = text/plain
		$3.scope = text/plain
	EndGlobalSection

EndGlobal
